
Microsoft Visual Studio Solution File, Format Version 12.00
# Visual Studio 15
VisualStudioVersion = 15.0.27428.2002
MinimumVisualStudioVersion = 10.0.40219.1
Project("{9A19103F-16F7-4668-BE54-9A1E7A4F7556}") = "CourseApp", "CourseApp.csproj", "{FB2833CD-94B3-46E9-95D9-F1CF95327C11}"
EndProject
Project("{9A19103F-16F7-4668-BE54-9A1E7A4F7556}") = "CourseApp.Test", "..\CourseApp.Test\CourseApp.Test.csproj", "{93183C83-F2E1-489A-99B8-85A125B727ED}"
EndProject
Global
	GlobalSection(SolutionConfigurationPlatforms) = preSolution
		Debug|Any CPU = Debug|Any CPU
		Release|Any CPU = Release|Any CPU
	EndGlobalSection
	GlobalSection(ProjectConfigurationPlatforms) = postSolution
		{FB2833CD-94B3-46E9-95D9-F1CF95327C11}.Debug|Any CPU.ActiveCfg = Debug|Any CPU
		{FB2833CD-94B3-46E9-95D9-F1CF95327C11}.Debug|Any CPU.Build.0 = Debug|Any CPU
		{FB2833CD-94B3-46E9-95D9-F1CF95327C11}.Release|Any CPU.ActiveCfg = Release|Any CPU
		{FB2833CD-94B3-46E9-95D9-F1CF95327C11}.Release|Any CPU.Build.0 = Release|Any CPU
		{93183C83-F2E1-489A-99B8-85A125B727ED}.Debug|Any CPU.ActiveCfg = Debug|Any CPU
		{93183C83-F2E1-489A-99B8-85A125B727ED}.Debug|Any CPU.Build.0 = Debug|Any CPU
		{93183C83-F2E1-489A-99B8-85A125B727ED}.Release|Any CPU.ActiveCfg = Release|Any CPU
		{93183C83-F2E1-489A-99B8-85A125B727ED}.Release|Any CPU.Build.0 = Release|Any CPU
	EndGlobalSection
	GlobalSection(SolutionProperties) = preSolution
		HideSolutionNode = FALSE
	EndGlobalSection
	GlobalSection(ExtensibilityGlobals) = postSolution
		SolutionGuid = {491CEE48-9637-4402-B1B7-56B86EAC5B15}
	EndGlobalSection
EndGlobal
